
Microsoft Visual Studio Solution File, Format Version 12.00
# Visual Studio Version 16
VisualStudioVersion = 16.0.30413.136
MinimumVisualStudioVersion = 10.0.40219.1
Project("{FAE04EC0-301F-11D3-BF4B-00C04F79EFBC}") = "CriptografiaHash", "CriptografiaHash\CriptografiaHash.csproj", "{8AFE9FD8-513B-4059-B3A1-70E4D107A76C}"
EndProject
Global
	GlobalSection(SolutionConfigurationPlatforms) = preSolution
		Debug|Any CPU = Debug|Any CPU
		Release|Any CPU = Release|Any CPU
	EndGlobalSection
	GlobalSection(ProjectConfigurationPlatforms) = postSolution
		{8AFE9FD8-513B-4059-B3A1-70E4D107A76C}.Debug|Any CPU.ActiveCfg = Debug|Any CPU
		{8AFE9FD8-513B-4059-B3A1-70E4D107A76C}.Debug|Any CPU.Build.0 = Debug|Any CPU
		{8AFE9FD8-513B-4059-B3A1-70E4D107A76C}.Release|Any CPU.ActiveCfg = Release|Any CPU
		{8AFE9FD8-513B-4059-B3A1-70E4D107A76C}.Release|Any CPU.Build.0 = Release|Any CPU
	EndGlobalSection
	GlobalSection(SolutionProperties) = preSolution
		HideSolutionNode = FALSE
	EndGlobalSection
	GlobalSection(ExtensibilityGlobals) = postSolution
		SolutionGuid = {1882ADE0-0777-465A-801B-15F6BCDF88E8}
	EndGlobalSection
EndGlobal
